
Microsoft Visual Studio Solution File, Format Version 12.00
# Visual Studio Version 17
VisualStudioVersion = 17.14.36930.0
MinimumVisualStudioVersion = 10.0.40219.1
Project("{FAE04EC0-301F-11D3-BF4B-00C04F79EFBC}") = "DFFVoltageSet", "DFFVoltageSet\DFFVoltageSet.csproj", "{19E186BE-19AF-439C-8B61-13621D8B06F1}"
EndProject
Project("{2150E333-8FDC-42A3-9474-1A3956D46DE8}") = "PrimeSelector", "PrimeSelector", "{1259BBD4-9698-1D23-2A4A-00469F01E4DA}"
EndProject
Project("{FAE04EC0-301F-11D3-BF4B-00C04F79EFBC}") = "_PrimeSelector", "PrimeSelector\_PrimeSelector.csproj", "{164BAEDC-4DF6-4AFC-A174-98C618110988}"
EndProject
Global
	GlobalSection(SolutionConfigurationPlatforms) = preSolution
		Debug|Any CPU = Debug|Any CPU
		Debug|x64 = Debug|x64
		Debug|x86 = Debug|x86
		Release|Any CPU = Release|Any CPU
		Release|x64 = Release|x64
		Release|x86 = Release|x86
	EndGlobalSection
	GlobalSection(ProjectConfigurationPlatforms) = postSolution
		{19E186BE-19AF-439C-8B61-13621D8B06F1}.Debug|Any CPU.ActiveCfg = Debug|Any CPU
		{19E186BE-19AF-439C-8B61-13621D8B06F1}.Debug|Any CPU.Build.0 = Debug|Any CPU
		{19E186BE-19AF-439C-8B61-13621D8B06F1}.Debug|x64.ActiveCfg = Debug|Any CPU
		{19E186BE-19AF-439C-8B61-13621D8B06F1}.Debug|x64.Build.0 = Debug|Any CPU
		{19E186BE-19AF-439C-8B61-13621D8B06F1}.Debug|x86.ActiveCfg = Debug|Any CPU
		{19E186BE-19AF-439C-8B61-13621D8B06F1}.Debug|x86.Build.0 = Debug|Any CPU
		{19E186BE-19AF-439C-8B61-13621D8B06F1}.Release|Any CPU.ActiveCfg = Release|Any CPU
		{19E186BE-19AF-439C-8B61-13621D8B06F1}.Release|Any CPU.Build.0 = Release|Any CPU
		{19E186BE-19AF-439C-8B61-13621D8B06F1}.Release|x64.ActiveCfg = Release|Any CPU
		{19E186BE-19AF-439C-8B61-13621D8B06F1}.Release|x64.Build.0 = Release|Any CPU
		{19E186BE-19AF-439C-8B61-13621D8B06F1}.Release|x86.ActiveCfg = Release|Any CPU
		{19E186BE-19AF-439C-8B61-13621D8B06F1}.Release|x86.Build.0 = Release|Any CPU
		{164BAEDC-4DF6-4AFC-A174-98C618110988}.Debug|Any CPU.ActiveCfg = Debug|Any CPU
		{164BAEDC-4DF6-4AFC-A174-98C618110988}.Debug|Any CPU.Build.0 = Debug|Any CPU
		{164BAEDC-4DF6-4AFC-A174-98C618110988}.Debug|x64.ActiveCfg = Debug|Any CPU
		{164BAEDC-4DF6-4AFC-A174-98C618110988}.Debug|x64.Build.0 = Debug|Any CPU
		{164BAEDC-4DF6-4AFC-A174-98C618110988}.Debug|x86.ActiveCfg = Debug|Any CPU
		{164BAEDC-4DF6-4AFC-A174-98C618110988}.Debug|x86.Build.0 = Debug|Any CPU
		{164BAEDC-4DF6-4AFC-A174-98C618110988}.Release|Any CPU.ActiveCfg = Release|Any CPU
		{164BAEDC-4DF6-4AFC-A174-98C618110988}.Release|Any CPU.Build.0 = Release|Any CPU
		{164BAEDC-4DF6-4AFC-A174-98C618110988}.Release|x64.ActiveCfg = Release|Any CPU
		{164BAEDC-4DF6-4AFC-A174-98C618110988}.Release|x64.Build.0 = Release|Any CPU
		{164BAEDC-4DF6-4AFC-A174-98C618110988}.Release|x86.ActiveCfg = Release|Any CPU
		{164BAEDC-4DF6-4AFC-A174-98C618110988}.Release|x86.Build.0 = Release|Any CPU
	EndGlobalSection
	GlobalSection(SolutionProperties) = preSolution
		HideSolutionNode = FALSE
	EndGlobalSection
	GlobalSection(NestedProjects) = preSolution
		{164BAEDC-4DF6-4AFC-A174-98C618110988} = {1259BBD4-9698-1D23-2A4A-00469F01E4DA}
	EndGlobalSection
	GlobalSection(ExtensibilityGlobals) = postSolution
		SolutionGuid = {8E036225-64F3-45DF-BD81-D61DEE2B487F}
	EndGlobalSection
EndGlobal
