
Microsoft Visual Studio Solution File, Format Version 12.00
# Visual Studio Version 17
VisualStudioVersion = 17.14.36915.13
MinimumVisualStudioVersion = 10.0.40219.1
Project("{FAE04EC0-301F-11D3-BF4B-00C04F79EFBC}") = "PortControlTEM", "PortControlTEM\PortControlTEM.csproj", "{9D982AC1-1BAC-4D6B-AE2E-351668A1F337}"
EndProject
Project("{2150E333-8FDC-42A3-9474-1A3956D46DE8}") = "PrimeSelector", "PrimeSelector", "{1259BBD4-9698-1D23-2A4A-00469F01E4DA}"
EndProject
Project("{FAE04EC0-301F-11D3-BF4B-00C04F79EFBC}") = "_PrimeSelector", "PrimeSelector\_PrimeSelector.csproj", "{0046672B-D22D-4E7B-9AAA-FCB3C0C6D63C}"
EndProject
Global
	GlobalSection(SolutionConfigurationPlatforms) = preSolution
		Debug|Any CPU = Debug|Any CPU
		Debug|x64 = Debug|x64
		Debug|x86 = Debug|x86
		Release|Any CPU = Release|Any CPU
		Release|x64 = Release|x64
		Release|x86 = Release|x86
	EndGlobalSection
	GlobalSection(ProjectConfigurationPlatforms) = postSolution
		{9D982AC1-1BAC-4D6B-AE2E-351668A1F337}.Debug|Any CPU.ActiveCfg = Debug|Any CPU
		{9D982AC1-1BAC-4D6B-AE2E-351668A1F337}.Debug|Any CPU.Build.0 = Debug|Any CPU
		{9D982AC1-1BAC-4D6B-AE2E-351668A1F337}.Debug|x64.ActiveCfg = Debug|Any CPU
		{9D982AC1-1BAC-4D6B-AE2E-351668A1F337}.Debug|x64.Build.0 = Debug|Any CPU
		{9D982AC1-1BAC-4D6B-AE2E-351668A1F337}.Debug|x86.ActiveCfg = Debug|Any CPU
		{9D982AC1-1BAC-4D6B-AE2E-351668A1F337}.Debug|x86.Build.0 = Debug|Any CPU
		{9D982AC1-1BAC-4D6B-AE2E-351668A1F337}.Release|Any CPU.ActiveCfg = Release|Any CPU
		{9D982AC1-1BAC-4D6B-AE2E-351668A1F337}.Release|Any CPU.Build.0 = Release|Any CPU
		{9D982AC1-1BAC-4D6B-AE2E-351668A1F337}.Release|x64.ActiveCfg = Release|Any CPU
		{9D982AC1-1BAC-4D6B-AE2E-351668A1F337}.Release|x64.Build.0 = Release|Any CPU
		{9D982AC1-1BAC-4D6B-AE2E-351668A1F337}.Release|x86.ActiveCfg = Release|Any CPU
		{9D982AC1-1BAC-4D6B-AE2E-351668A1F337}.Release|x86.Build.0 = Release|Any CPU
		{0046672B-D22D-4E7B-9AAA-FCB3C0C6D63C}.Debug|Any CPU.ActiveCfg = Debug|Any CPU
		{0046672B-D22D-4E7B-9AAA-FCB3C0C6D63C}.Debug|Any CPU.Build.0 = Debug|Any CPU
		{0046672B-D22D-4E7B-9AAA-FCB3C0C6D63C}.Debug|x64.ActiveCfg = Debug|Any CPU
		{0046672B-D22D-4E7B-9AAA-FCB3C0C6D63C}.Debug|x64.Build.0 = Debug|Any CPU
		{0046672B-D22D-4E7B-9AAA-FCB3C0C6D63C}.Debug|x86.ActiveCfg = Debug|Any CPU
		{0046672B-D22D-4E7B-9AAA-FCB3C0C6D63C}.Debug|x86.Build.0 = Debug|Any CPU
		{0046672B-D22D-4E7B-9AAA-FCB3C0C6D63C}.Release|Any CPU.ActiveCfg = Release|Any CPU
		{0046672B-D22D-4E7B-9AAA-FCB3C0C6D63C}.Release|Any CPU.Build.0 = Release|Any CPU
		{0046672B-D22D-4E7B-9AAA-FCB3C0C6D63C}.Release|x64.ActiveCfg = Release|Any CPU
		{0046672B-D22D-4E7B-9AAA-FCB3C0C6D63C}.Release|x64.Build.0 = Release|Any CPU
		{0046672B-D22D-4E7B-9AAA-FCB3C0C6D63C}.Release|x86.ActiveCfg = Release|Any CPU
		{0046672B-D22D-4E7B-9AAA-FCB3C0C6D63C}.Release|x86.Build.0 = Release|Any CPU
	EndGlobalSection
	GlobalSection(SolutionProperties) = preSolution
		HideSolutionNode = FALSE
	EndGlobalSection
	GlobalSection(NestedProjects) = preSolution
		{0046672B-D22D-4E7B-9AAA-FCB3C0C6D63C} = {1259BBD4-9698-1D23-2A4A-00469F01E4DA}
	EndGlobalSection
	GlobalSection(ExtensibilityGlobals) = postSolution
		SolutionGuid = {AC6AB653-E8E6-4C42-820B-43DECF3A389B}
	EndGlobalSection
EndGlobal
